
Microsoft Visual Studio Solution File, Format Version 12.00
# Visual Studio Version 17
VisualStudioVersion = 17.13.35913.81 d17.13
MinimumVisualStudioVersion = 10.0.40219.1
Project("{FAE04EC0-301F-11D3-BF4B-00C04F79EFBC}") = "Konspekt", "Konspekt.csproj", "{8FBF05D8-8431-43AB-BD44-2D819DE52306}"
EndProject
Global
	GlobalSection(SolutionConfigurationPlatforms) = preSolution
		Debug|Any CPU = Debug|Any CPU
		Release|Any CPU = Release|Any CPU
	EndGlobalSection
	GlobalSection(ProjectConfigurationPlatforms) = postSolution
		{8FBF05D8-8431-43AB-BD44-2D819DE52306}.Debug|Any CPU.ActiveCfg = Debug|Any CPU
		{8FBF05D8-8431-43AB-BD44-2D819DE52306}.Debug|Any CPU.Build.0 = Debug|Any CPU
		{8FBF05D8-8431-43AB-BD44-2D819DE52306}.Release|Any CPU.ActiveCfg = Release|Any CPU
		{8FBF05D8-8431-43AB-BD44-2D819DE52306}.Release|Any CPU.Build.0 = Release|Any CPU
	EndGlobalSection
	GlobalSection(SolutionProperties) = preSolution
		HideSolutionNode = FALSE
	EndGlobalSection
	GlobalSection(ExtensibilityGlobals) = postSolution
		SolutionGuid = {C235B2C1-669A-4BC7-8EC4-5049CBBA8329}
	EndGlobalSection
EndGlobal
